
Microsoft Visual Studio Solution File, Format Version 12.00
# Visual Studio Version 17
VisualStudioVersion = 17.14.37203.1 d17.14
MinimumVisualStudioVersion = 10.0.40219.1
Project("{888888A0-9F3D-457C-B088-3A5042F75D52}") = "TestManager", "TestManager.pyproj", "{ABEEF6DD-463F-45BE-B988-B04BAF461A5E}"
EndProject
Global
	GlobalSection(SolutionConfigurationPlatforms) = preSolution
		Debug|Any CPU = Debug|Any CPU
		Release|Any CPU = Release|Any CPU
	EndGlobalSection
	GlobalSection(ProjectConfigurationPlatforms) = postSolution
		{ABEEF6DD-463F-45BE-B988-B04BAF461A5E}.Debug|Any CPU.ActiveCfg = Debug|Any CPU
		{ABEEF6DD-463F-45BE-B988-B04BAF461A5E}.Release|Any CPU.ActiveCfg = Release|Any CPU
	EndGlobalSection
	GlobalSection(SolutionProperties) = preSolution
		HideSolutionNode = FALSE
	EndGlobalSection
	GlobalSection(ExtensibilityGlobals) = postSolution
		SolutionGuid = {A53223AB-84FA-48DF-BA4E-769A909B8EF0}
	EndGlobalSection
EndGlobal
